<?xml version="1.0" encoding="utf-8"?>
<Project ToolsVersion="4.0" xmlns="http://schemas.microsoft.com/developer/msbuild/2003">
  <ItemGroup>
    <Filter Include="utils">
      <UniqueIdentifier>{bbac235d-ead5-4d1d-a5c1-4b5f76b8278b}</UniqueIdentifier>
    </Filter>
    <Filter Include="threading">
      <UniqueIdentifier>{8f5a4257-9d2e-4d58-a1a0-abcfc2e39660}</UniqueIdentifier>
    </Filter>
    <Filter Include="math2d">
      <UniqueIdentifier>{e8575e38-3948-4d7d-a2f3-6f527c029dfb}</UniqueIdentifier>
    </Filter>
    <Filter Include="unittest">
      <UniqueIdentifier>{d885f3d5-def8-4f38-96af-cf3c1042ec5e}</UniqueIdentifier>
    </Filter>
    <Filter Include="eventmanager">
      <UniqueIdentifier>{21edec08-c825-44ae-95ef-facec9f7c05c}</UniqueIdentifier>
    </Filter>
    <Filter Include="LUAScripting">
      <UniqueIdentifier>{90829e63-3ac8-415e-8dc2-a5380ee5b8cd}</UniqueIdentifier>
    </Filter>
    <Filter Include="3rdParty">
      <UniqueIdentifier>{5e2d4a15-7af8-4347-9f3a-aca22724f349}</UniqueIdentifier>
    </Filter>
    <Filter Include="3rdParty\LuaPlus">
      <UniqueIdentifier>{2eed67b8-be89-4827-b7cf-6e90a4efebf9}</UniqueIdentifier>
    </Filter>
    <Filter Include="Actors">
      <UniqueIdentifier>{7cb0a865-9649-4262-8165-613cbb240424}</UniqueIdentifier>
    </Filter>
    <Filter Include="components">
      <UniqueIdentifier>{28a31d98-83fb-414e-9e68-457286c9884c}</UniqueIdentifier>
    </Filter>
  </ItemGroup>
  <ItemGroup>
    <ClInclude Include="utils\time_utils.h">
      <Filter>utils</Filter>
    </ClInclude>
    <ClInclude Include="debug.h" />
    <ClInclude Include="exceptions.h" />
    <ClInclude Include="log.h" />
    <ClInclude Include="threading\mutex_auto_lock.h">
      <Filter>threading</Filter>
    </ClInclude>
    <ClInclude Include="settings.h" />
    <ClInclude Include="utils\strfnd.h">
      <Filter>utils</Filter>
    </ClInclude>
    <ClInclude Include="utils\string_utils.h">
      <Filter>utils</Filter>
    </ClInclude>
    <ClInclude Include="utils\hex.h">
      <Filter>utils</Filter>
    </ClInclude>
    <ClInclude Include="math2d\math2d.h">
      <Filter>math2d</Filter>
    </ClInclude>
    <ClInclude Include="math2d\mathutil.h">
      <Filter>math2d</Filter>
    </ClInclude>
    <ClInclude Include="math2d\matrix2d.h">
      <Filter>math2d</Filter>
    </ClInclude>
    <ClInclude Include="math2d\transformations.h">
      <Filter>math2d</Filter>
    </ClInclude>
    <ClInclude Include="math2d\vector2d.h">
      <Filter>math2d</Filter>
    </ClInclude>
    <ClInclude Include="filesys.h" />
    <ClInclude Include="utils\macros.h">
      <Filter>utils</Filter>
    </ClInclude>
    <ClInclude Include="unittest\test.h">
      <Filter>unittest</Filter>
    </ClInclude>
    <ClInclude Include="BaseApp.h" />
    <ClInclude Include="utils\random_utils.h">
      <Filter>utils</Filter>
    </ClInclude>
    <ClInclude Include="eventmanager\EventManager.h">
      <Filter>eventmanager</Filter>
    </ClInclude>
    <ClInclude Include="eventmanager\EventManagerImpl.h">
      <Filter>eventmanager</Filter>
    </ClInclude>
    <ClInclude Include="eventmanager\FastDelegate.h">
      <Filter>eventmanager</Filter>
    </ClInclude>
    <ClInclude Include="eventmanager\FastDelegateBind.h">
      <Filter>eventmanager</Filter>
    </ClInclude>
    <ClInclude Include="utils\templates.h">
      <Filter>utils</Filter>
    </ClInclude>
    <ClInclude Include="eventmanager\concurrentqueue.h">
      <Filter>eventmanager</Filter>
    </ClInclude>
    <ClInclude Include="LUAScripting\LuaStateManager.h">
      <Filter>LUAScripting</Filter>
    </ClInclude>
    <ClInclude Include="LUAScripting\ScriptEvent.h">
      <Filter>LUAScripting</Filter>
    </ClInclude>
    <ClInclude Include="LUAScripting\ScriptExports.h">
      <Filter>LUAScripting</Filter>
    </ClInclude>
    <ClInclude Include="interfaces.h" />
    <ClInclude Include="3rdParty\LuaPlus\LuaAutoBlock.h">
      <Filter>3rdParty\LuaPlus</Filter>
    </ClInclude>
    <ClInclude Include="3rdParty\LuaPlus\LuaCall.h">
      <Filter>3rdParty\LuaPlus</Filter>
    </ClInclude>
    <ClInclude Include="3rdParty\LuaPlus\LuaFunction.h">
      <Filter>3rdParty\LuaPlus</Filter>
    </ClInclude>
    <ClInclude Include="3rdParty\LuaPlus\LuaHelper.h">
      <Filter>3rdParty\LuaPlus</Filter>
    </ClInclude>
    <ClInclude Include="3rdParty\LuaPlus\LuaHelper_Object.h">
      <Filter>3rdParty\LuaPlus</Filter>
    </ClInclude>
    <ClInclude Include="3rdParty\LuaPlus\LuaHelper_StackObject.h">
      <Filter>3rdParty\LuaPlus</Filter>
    </ClInclude>
    <ClInclude Include="3rdParty\LuaPlus\LuaObject.h">
      <Filter>3rdParty\LuaPlus</Filter>
    </ClInclude>
    <ClInclude Include="3rdParty\LuaPlus\LuaPlus.h">
      <Filter>3rdParty\LuaPlus</Filter>
    </ClInclude>
    <ClInclude Include="3rdParty\LuaPlus\LuaPlusCD.h">
      <Filter>3rdParty\LuaPlus</Filter>
    </ClInclude>
    <ClInclude Include="3rdParty\LuaPlus\LuaPlusConfig.h">
      <Filter>3rdParty\LuaPlus</Filter>
    </ClInclude>
    <ClInclude Include="3rdParty\LuaPlus\LuaPlusInternal.h">
      <Filter>3rdParty\LuaPlus</Filter>
    </ClInclude>
    <ClInclude Include="3rdParty\LuaPlus\LuaStackObject.h">
      <Filter>3rdParty\LuaPlus</Filter>
    </ClInclude>
    <ClInclude Include="3rdParty\LuaPlus\LuaStackTableIterator.h">
      <Filter>3rdParty\LuaPlus</Filter>
    </ClInclude>
    <ClInclude Include="3rdParty\LuaPlus\LuaState.h">
      <Filter>3rdParty\LuaPlus</Filter>
    </ClInclude>
    <ClInclude Include="3rdParty\LuaPlus\LuaStateCD.h">
      <Filter>3rdParty\LuaPlus</Filter>
    </ClInclude>
    <ClInclude Include="3rdParty\LuaPlus\LuaStateOutFile.h">
      <Filter>3rdParty\LuaPlus</Filter>
    </ClInclude>
    <ClInclude Include="3rdParty\LuaPlus\LuaStateOutString.h">
      <Filter>3rdParty\LuaPlus</Filter>
    </ClInclude>
    <ClInclude Include="3rdParty\LuaPlus\LuaTableIterator.h">
      <Filter>3rdParty\LuaPlus</Filter>
    </ClInclude>
    <ClInclude Include="eventmanager\Events.h">
      <Filter>eventmanager</Filter>
    </ClInclude>
    <ClInclude Include="Actors\Actor.h">
      <Filter>Actors</Filter>
    </ClInclude>
    <ClInclude Include="components\component.h">
      <Filter>components</Filter>
    </ClInclude>
    <ClInclude Include="utils\hashedstring.h">
      <Filter>utils</Filter>
    </ClInclude>
    <ClInclude Include="components\componentmanager.h">
      <Filter>components</Filter>
    </ClInclude>
  </ItemGroup>
  <ItemGroup>
    <ClCompile Include="debug.cpp" />
    <ClCompile Include="log.cpp" />
    <ClCompile Include="settings.cpp" />
    <ClCompile Include="utils\string_utils.cpp">
      <Filter>utils</Filter>
    </ClCompile>
    <ClCompile Include="math2d\mathutil.cpp">
      <Filter>math2d</Filter>
    </ClCompile>
    <ClCompile Include="math2d\vector2d.cpp">
      <Filter>math2d</Filter>
    </ClCompile>
    <ClCompile Include="filesys.cpp" />
    <ClCompile Include="unittest\test.cpp">
      <Filter>unittest</Filter>
    </ClCompile>
    <ClCompile Include="BaseApp.cpp" />
    <ClCompile Include="utils\time_utils.cpp">
      <Filter>utils</Filter>
    </ClCompile>
    <ClCompile Include="eventmanager\EventManager.cpp">
      <Filter>eventmanager</Filter>
    </ClCompile>
    <ClCompile Include="eventmanager\EventManagerImpl.cpp">
      <Filter>eventmanager</Filter>
    </ClCompile>
    <ClCompile Include="LUAScripting\LuaStateManager.cpp">
      <Filter>LUAScripting</Filter>
    </ClCompile>
    <ClCompile Include="LUAScripting\ScriptEvent.cpp">
      <Filter>LUAScripting</Filter>
    </ClCompile>
    <ClCompile Include="LUAScripting\ScriptExports.cpp">
      <Filter>LUAScripting</Filter>
    </ClCompile>
    <ClCompile Include="3rdParty\LuaPlus\LuaPlus.cpp">
      <Filter>3rdParty\LuaPlus</Filter>
    </ClCompile>
    <ClCompile Include="3rdParty\LuaPlus\LuaPlusAddons.c">
      <Filter>3rdParty\LuaPlus</Filter>
    </ClCompile>
    <ClCompile Include="3rdParty\LuaPlus\LuaState_DumpObject.cpp">
      <Filter>3rdParty\LuaPlus</Filter>
    </ClCompile>
    <ClCompile Include="eventmanager\Events.cpp">
      <Filter>eventmanager</Filter>
    </ClCompile>
    <ClCompile Include="components\component.cpp">
      <Filter>components</Filter>
    </ClCompile>
    <ClCompile Include="utils\hashedstring.cpp">
      <Filter>utils</Filter>
    </ClCompile>
    <ClCompile Include="components\componentmanager.cpp">
      <Filter>components</Filter>
    </ClCompile>
  </ItemGroup>
  <ItemGroup>
    <None Include="math2d\mathutil.inl">
      <Filter>math2d</Filter>
    </None>
    <None Include="3rdParty\LuaPlus\LuaCall.inl">
      <Filter>3rdParty\LuaPlus</Filter>
    </None>
    <None Include="3rdParty\LuaPlus\LuaObject.inl">
      <Filter>3rdParty\LuaPlus</Filter>
    </None>
    <None Include="3rdParty\LuaPlus\LuaStackObject.inl">
      <Filter>3rdParty\LuaPlus</Filter>
    </None>
    <None Include="3rdParty\LuaPlus\LuaStackTableIterator.inl">
      <Filter>3rdParty\LuaPlus</Filter>
    </None>
    <None Include="3rdParty\LuaPlus\LuaState.inl">
      <Filter>3rdParty\LuaPlus</Filter>
    </None>
  </ItemGroup>
</Project>